# THIS IS AN AUTOGENERATED FILE. DO NOT EDIT THIS FILE DIRECTLY.
# yarn lockfile v1


asn1-ber@*:
  version "1.1.0"
  resolved "https://registry.yarnpkg.com/asn1-ber/-/asn1-ber-1.1.0.tgz#b69f91578c08afa65511124908a7a82f62c6571c"
  integrity sha512-t/pm9zz3CC7jE2ItzMPi4rYUXp4d3JkLAUQY8E/5u5Lkaq7KMvMalRWrW9WWARm5gOB/HE/mkorImJwSL7fi9w==

net-snmp@^3.5.2:
  version "3.5.2"
  resolved "https://registry.yarnpkg.com/net-snmp/-/net-snmp-3.5.2.tgz#cfd84833eb086fd18ed56a368e1a89dbcd27df19"
  integrity sha512-8B3LvTnY0WllKDpbkDQHuj7i+1niGBL+21div/mbW6kp3+09gldTjuYlW4HWWtkXuNZ2Q72mN1zzTK8urFKQiw==
  dependencies:
    asn1-ber "*"
    smart-buffer "^4.1.0"

smart-buffer@^4.1.0:
  version "4.1.0"
  resolved "https://registry.yarnpkg.com/smart-buffer/-/smart-buffer-4.1.0.tgz#91605c25d91652f4661ea69ccf45f1b331ca21ba"
  integrity sha512-iVICrxOzCynf/SNaBQCw34eM9jROU/s5rzIhpOvzhzuYHfJR/DhZfDkXiZSgKXfgv26HT3Yni3AV/DGw0cGnnw==
